Microsoft Visual Studio Solution File, Format Version 12.00
# Visual Studio Version 17
VisualStudioVersion = 17.5.2.0
MinimumVisualStudioVersion = 10.0.40219.1
Project("{2150E333-8FDC-42A3-9474-1A3956D46DE8}") = "backend", "backend", "{1AE8ACA6-933B-BF2A-3671-3E2EAC007D16}"
EndProject
Project("{FAE04EC0-301F-11D3-BF4B-00C04F79EFBC}") = "TruStage.Observability.Api", "backend\TruStage.Observability.Api.csproj", "{7AF7F372-03DD-8AAD-2716-79C03CB8E86C}"
EndProject
Global
	GlobalSection(SolutionConfigurationPlatforms) = preSolution
		Debug|Any CPU = Debug|Any CPU
		Release|Any CPU = Release|Any CPU
	EndGlobalSection
	GlobalSection(ProjectConfigurationPlatforms) = postSolution
		{7AF7F372-03DD-8AAD-2716-79C03CB8E86C}.Debug|Any CPU.ActiveCfg = Debug|Any CPU
		{7AF7F372-03DD-8AAD-2716-79C03CB8E86C}.Debug|Any CPU.Build.0 = Debug|Any CPU
		{7AF7F372-03DD-8AAD-2716-79C03CB8E86C}.Release|Any CPU.ActiveCfg = Release|Any CPU
		{7AF7F372-03DD-8AAD-2716-79C03CB8E86C}.Release|Any CPU.Build.0 = Release|Any CPU
	EndGlobalSection
	GlobalSection(SolutionProperties) = preSolution
		HideSolutionNode = FALSE
	EndGlobalSection
	GlobalSection(NestedProjects) = preSolution
		{7AF7F372-03DD-8AAD-2716-79C03CB8E86C} = {1AE8ACA6-933B-BF2A-3671-3E2EAC007D16}
	EndGlobalSection
	GlobalSection(ExtensibilityGlobals) = postSolution
		SolutionGuid = {FCEE18A6-4642-4DB7-A24C-19DE34A1BA35}
	EndGlobalSection
EndGlobal
